
Microsoft Visual Studio Solution File, Format Version 12.00
# Visual Studio Version 17
VisualStudioVersion = 17.7.34024.191
MinimumVisualStudioVersion = 10.0.40219.1
Project("{2150E333-8FDC-42A3-9474-1A3956D46DE8}") = "src", "src", "{B70D1B57-740E-4906-99C9-519B59D1DBD6}"
EndProject
Project("{FAE04EC0-301F-11D3-BF4B-00C04F79EFBC}") = "Products.Dapper.WebAPI", "src\Products.Dapper.WebAPI\Products.Dapper.WebAPI.csproj", "{2B39F36E-7189-4E0D-9CA9-32181B58F30E}"
EndProject
Global
	GlobalSection(SolutionConfigurationPlatforms) = preSolution
		Debug|Any CPU = Debug|Any CPU
		Release|Any CPU = Release|Any CPU
	EndGlobalSection
	GlobalSection(ProjectConfigurationPlatforms) = postSolution
		{2B39F36E-7189-4E0D-9CA9-32181B58F30E}.Debug|Any CPU.ActiveCfg = Debug|Any CPU
		{2B39F36E-7189-4E0D-9CA9-32181B58F30E}.Debug|Any CPU.Build.0 = Debug|Any CPU
		{2B39F36E-7189-4E0D-9CA9-32181B58F30E}.Release|Any CPU.ActiveCfg = Release|Any CPU
		{2B39F36E-7189-4E0D-9CA9-32181B58F30E}.Release|Any CPU.Build.0 = Release|Any CPU
	EndGlobalSection
	GlobalSection(SolutionProperties) = preSolution
		HideSolutionNode = FALSE
	EndGlobalSection
	GlobalSection(NestedProjects) = preSolution
		{2B39F36E-7189-4E0D-9CA9-32181B58F30E} = {B70D1B57-740E-4906-99C9-519B59D1DBD6}
	EndGlobalSection
	GlobalSection(ExtensibilityGlobals) = postSolution
		SolutionGuid = {9E71680C-3193-4BAA-A6D3-30C9BF6885A0}
	EndGlobalSection
EndGlobal
